
Microsoft Visual Studio Solution File, Format Version 12.00
# Visual Studio Version 16
VisualStudioVersion = 16.0.33027.164
MinimumVisualStudioVersion = 10.0.40219.1
Project("{9A19103F-16F7-4668-BE54-9A1E7A4F7556}") = "CC-ASP", "CC-ASP.csproj", "{7486C877-82F6-495E-9A86-F694E5F801E7}"
EndProject
Global
	GlobalSection(SolutionConfigurationPlatforms) = preSolution
		Debug|Any CPU = Debug|Any CPU
		Release|Any CPU = Release|Any CPU
	EndGlobalSection
	GlobalSection(ProjectConfigurationPlatforms) = postSolution
		{7486C877-82F6-495E-9A86-F694E5F801E7}.Debug|Any CPU.ActiveCfg = Debug|Any CPU
		{7486C877-82F6-495E-9A86-F694E5F801E7}.Debug|Any CPU.Build.0 = Debug|Any CPU
		{7486C877-82F6-495E-9A86-F694E5F801E7}.Release|Any CPU.ActiveCfg = Release|Any CPU
		{7486C877-82F6-495E-9A86-F694E5F801E7}.Release|Any CPU.Build.0 = Release|Any CPU
	EndGlobalSection
	GlobalSection(SolutionProperties) = preSolution
		HideSolutionNode = FALSE
	EndGlobalSection
	GlobalSection(ExtensibilityGlobals) = postSolution
		SolutionGuid = {AFD135BB-D42C-4F5D-AA28-9A4783E0EA6E}
	EndGlobalSection
EndGlobal
